
Microsoft Visual Studio Solution File, Format Version 12.00
# Visual Studio Version 16
VisualStudioVersion = 16.0.31129.286
MinimumVisualStudioVersion = 10.0.40219.1
Project("{8BC9CEB8-8B4A-11D0-8D11-00A0C91BC942}") = "05", "05.vcxproj", "{0CDDB9B3-B24B-47DC-858A-CBA1F99F8E69}"
EndProject
Global
	GlobalSection(SolutionConfigurationPlatforms) = preSolution
		Debug|x64 = Debug|x64
		Debug|x86 = Debug|x86
		Release|x64 = Release|x64
		Release|x86 = Release|x86
	EndGlobalSection
	GlobalSection(ProjectConfigurationPlatforms) = postSolution
		{0CDDB9B3-B24B-47DC-858A-CBA1F99F8E69}.Debug|x64.ActiveCfg = Debug|x64
		{0CDDB9B3-B24B-47DC-858A-CBA1F99F8E69}.Debug|x64.Build.0 = Debug|x64
		{0CDDB9B3-B24B-47DC-858A-CBA1F99F8E69}.Debug|x86.ActiveCfg = Debug|Win32
		{0CDDB9B3-B24B-47DC-858A-CBA1F99F8E69}.Debug|x86.Build.0 = Debug|Win32
		{0CDDB9B3-B24B-47DC-858A-CBA1F99F8E69}.Release|x64.ActiveCfg = Release|x64
		{0CDDB9B3-B24B-47DC-858A-CBA1F99F8E69}.Release|x64.Build.0 = Release|x64
		{0CDDB9B3-B24B-47DC-858A-CBA1F99F8E69}.Release|x86.ActiveCfg = Release|Win32
		{0CDDB9B3-B24B-47DC-858A-CBA1F99F8E69}.Release|x86.Build.0 = Release|Win32
	EndGlobalSection
	GlobalSection(SolutionProperties) = preSolution
		HideSolutionNode = FALSE
	EndGlobalSection
	GlobalSection(ExtensibilityGlobals) = postSolution
		SolutionGuid = {7804EA8D-994D-4312-A5C5-3E339A4D1833}
	EndGlobalSection
EndGlobal
